# This file is generated by running "yarn install" inside your project.
# Manual changes might be lost - proceed with caution!

__metadata:
  version: 8
  cacheKey: 10c0

"ledgerlink-frontend@workspace:.":
  version: 0.0.0-use.local
  resolution: "ledgerlink-frontend@workspace:."
  dependencies:
    "@testing-library/jest-dom": "npm:^5.17.0"
    "@testing-library/react": "npm:^13.4.0"
    "@testing-library/user-event": "npm:^14.4.3"
    "@types/jest": "npm:^27.5.2"
    "@types/node": "npm:^16.18.48"
    "@types/react": "npm:^18.2.21"
    "@types/react-dom": "npm:^18.2.7"
    axios: "npm:^1.6.0"
    clsx: "npm:^2.0.0"
    lucide-react: "npm:^0.263.1"
    react: "npm:^18.2.0"
    react-dom: "npm:^18.2.0"
    react-scripts: "npm:5.0.1"
    tailwind-merge: "npm:^2.0.0"
    typescript: "npm:^4.9.5"
    web-vitals: "npm:^2.1.4"
  devDependencies:
    "@tailwindcss/forms": "npm:^0.5.6"
    "@tailwindcss/typography": "npm:^0.5.10"
    autoprefixer: "npm:^10.4.15"
    postcss: "npm:^8.4.29"
    tailwindcss: "npm:^3.3.3"
  languageName: unknown
  linkType: soft